
Microsoft Visual Studio Solution File, Format Version 12.00
# Visual Studio Version 16
VisualStudioVersion = 16.0.31729.503
MinimumVisualStudioVersion = 10.0.40219.1
Project("{9A19103F-16F7-4668-BE54-9A1E7A4F7556}") = "Hirlea_Grigore_Lab2", "Hirlea_Grigore_Lab2.csproj", "{7F5CFE23-BE4B-4B1C-A857-B97C51E85757}"
EndProject
Global
	GlobalSection(SolutionConfigurationPlatforms) = preSolution
		Debug|Any CPU = Debug|Any CPU
		Release|Any CPU = Release|Any CPU
	EndGlobalSection
	GlobalSection(ProjectConfigurationPlatforms) = postSolution
		{7F5CFE23-BE4B-4B1C-A857-B97C51E85757}.Debug|Any CPU.ActiveCfg = Debug|Any CPU
		{7F5CFE23-BE4B-4B1C-A857-B97C51E85757}.Debug|Any CPU.Build.0 = Debug|Any CPU
		{7F5CFE23-BE4B-4B1C-A857-B97C51E85757}.Release|Any CPU.ActiveCfg = Release|Any CPU
		{7F5CFE23-BE4B-4B1C-A857-B97C51E85757}.Release|Any CPU.Build.0 = Release|Any CPU
	EndGlobalSection
	GlobalSection(SolutionProperties) = preSolution
		HideSolutionNode = FALSE
	EndGlobalSection
	GlobalSection(ExtensibilityGlobals) = postSolution
		SolutionGuid = {6B285EDF-B0EF-4A7A-A619-3BDFB873809B}
	EndGlobalSection
EndGlobal
